
Microsoft Visual Studio Solution File, Format Version 12.00
# Visual Studio Version 17
VisualStudioVersion = 17.14.36518.9 d17.14
MinimumVisualStudioVersion = 10.0.40219.1
Project("{FAE04EC0-301F-11D3-BF4B-00C04F79EFBC}") = "teniacoSample", "teniacoSample.csproj", "{78BEB9E4-9147-4665-9A3D-58CD7F97B616}"
EndProject
Global
	GlobalSection(SolutionConfigurationPlatforms) = preSolution
		Debug|Any CPU = Debug|Any CPU
		Release|Any CPU = Release|Any CPU
	EndGlobalSection
	GlobalSection(ProjectConfigurationPlatforms) = postSolution
		{78BEB9E4-9147-4665-9A3D-58CD7F97B616}.Debug|Any CPU.ActiveCfg = Debug|Any CPU
		{78BEB9E4-9147-4665-9A3D-58CD7F97B616}.Debug|Any CPU.Build.0 = Debug|Any CPU
		{78BEB9E4-9147-4665-9A3D-58CD7F97B616}.Release|Any CPU.ActiveCfg = Release|Any CPU
		{78BEB9E4-9147-4665-9A3D-58CD7F97B616}.Release|Any CPU.Build.0 = Release|Any CPU
	EndGlobalSection
	GlobalSection(SolutionProperties) = preSolution
		HideSolutionNode = FALSE
	EndGlobalSection
	GlobalSection(ExtensibilityGlobals) = postSolution
		SolutionGuid = {A1FD5902-895B-4B9D-A503-A1EC2B9265B7}
	EndGlobalSection
EndGlobal
